
Microsoft Visual Studio Solution File, Format Version 12.00
# Visual Studio Version 16
VisualStudioVersion = 16.0.31702.278
MinimumVisualStudioVersion = 10.0.40219.1
Project("{8BC9CEB8-8B4A-11D0-8D11-00A0C91BC942}") = "CPP_DLL", "CPP_DLL\CPP_DLL.vcxproj", "{AE7F59F4-37A1-44E0-ADE4-553B819F894D}"
EndProject
Project("{FAE04EC0-301F-11D3-BF4B-00C04F79EFBC}") = "DotNetUnitTests", "DotNetUnitTests\DotNetUnitTests.csproj", "{13635181-1E4F-49E9-8023-D220AFB5EACF}"
EndProject
Global
	GlobalSection(SolutionConfigurationPlatforms) = preSolution
		Debug|Any CPU = Debug|Any CPU
		Debug|x64 = Debug|x64
		Debug|x86 = Debug|x86
		Release|Any CPU = Release|Any CPU
		Release|x64 = Release|x64
		Release|x86 = Release|x86
	EndGlobalSection
	GlobalSection(ProjectConfigurationPlatforms) = postSolution
		{AE7F59F4-37A1-44E0-ADE4-553B819F894D}.Debug|Any CPU.ActiveCfg = Debug|Win32
		{AE7F59F4-37A1-44E0-ADE4-553B819F894D}.Debug|Any CPU.Build.0 = Debug|Win32
		{AE7F59F4-37A1-44E0-ADE4-553B819F894D}.Debug|x64.ActiveCfg = Debug|x64
		{AE7F59F4-37A1-44E0-ADE4-553B819F894D}.Debug|x64.Build.0 = Debug|x64
		{AE7F59F4-37A1-44E0-ADE4-553B819F894D}.Debug|x86.ActiveCfg = Debug|Win32
		{AE7F59F4-37A1-44E0-ADE4-553B819F894D}.Debug|x86.Build.0 = Debug|Win32
		{AE7F59F4-37A1-44E0-ADE4-553B819F894D}.Release|Any CPU.ActiveCfg = Release|Win32
		{AE7F59F4-37A1-44E0-ADE4-553B819F894D}.Release|Any CPU.Build.0 = Release|Win32
		{AE7F59F4-37A1-44E0-ADE4-553B819F894D}.Release|x64.ActiveCfg = Release|x64
		{AE7F59F4-37A1-44E0-ADE4-553B819F894D}.Release|x64.Build.0 = Release|x64
		{AE7F59F4-37A1-44E0-ADE4-553B819F894D}.Release|x86.ActiveCfg = Release|Win32
		{AE7F59F4-37A1-44E0-ADE4-553B819F894D}.Release|x86.Build.0 = Release|Win32
		{13635181-1E4F-49E9-8023-D220AFB5EACF}.Debug|Any CPU.ActiveCfg = Debug|Any CPU
		{13635181-1E4F-49E9-8023-D220AFB5EACF}.Debug|Any CPU.Build.0 = Debug|Any CPU
		{13635181-1E4F-49E9-8023-D220AFB5EACF}.Debug|x64.ActiveCfg = Debug|Any CPU
		{13635181-1E4F-49E9-8023-D220AFB5EACF}.Debug|x64.Build.0 = Debug|Any CPU
		{13635181-1E4F-49E9-8023-D220AFB5EACF}.Debug|x86.ActiveCfg = Debug|Any CPU
		{13635181-1E4F-49E9-8023-D220AFB5EACF}.Debug|x86.Build.0 = Debug|Any CPU
		{13635181-1E4F-49E9-8023-D220AFB5EACF}.Release|Any CPU.ActiveCfg = Release|Any CPU
		{13635181-1E4F-49E9-8023-D220AFB5EACF}.Release|Any CPU.Build.0 = Release|Any CPU
		{13635181-1E4F-49E9-8023-D220AFB5EACF}.Release|x64.ActiveCfg = Release|Any CPU
		{13635181-1E4F-49E9-8023-D220AFB5EACF}.Release|x64.Build.0 = Release|Any CPU
		{13635181-1E4F-49E9-8023-D220AFB5EACF}.Release|x86.ActiveCfg = Release|Any CPU
		{13635181-1E4F-49E9-8023-D220AFB5EACF}.Release|x86.Build.0 = Release|Any CPU
	EndGlobalSection
	GlobalSection(SolutionProperties) = preSolution
		HideSolutionNode = FALSE
	EndGlobalSection
	GlobalSection(ExtensibilityGlobals) = postSolution
		SolutionGuid = {0A6AD39E-CD3B-4E90-8962-BCC6D4525494}
	EndGlobalSection
EndGlobal
